
Microsoft Visual Studio Solution File, Format Version 11.00
# Visual Studio 2010
Project("{FAE04EC0-301F-11D3-BF4B-00C04F79EFBC}") = "AddHighQualityIconToPdf", "AddHighQualityIconToPdf\AddHighQualityIconToPdf.csproj", "{D366C716-8423-45FF-AB1A-A6462BCBD6AE}"
EndProject
Global
	GlobalSection(SolutionConfigurationPlatforms) = preSolution
		Debug|x86 = Debug|x86
		Release|x86 = Release|x86
	EndGlobalSection
	GlobalSection(ProjectConfigurationPlatforms) = postSolution
		{D366C716-8423-45FF-AB1A-A6462BCBD6AE}.Debug|x86.ActiveCfg = Debug|x86
		{D366C716-8423-45FF-AB1A-A6462BCBD6AE}.Debug|x86.Build.0 = Debug|x86
		{D366C716-8423-45FF-AB1A-A6462BCBD6AE}.Release|x86.ActiveCfg = Release|x86
		{D366C716-8423-45FF-AB1A-A6462BCBD6AE}.Release|x86.Build.0 = Release|x86
	EndGlobalSection
	GlobalSection(SolutionProperties) = preSolution
		HideSolutionNode = FALSE
	EndGlobalSection
EndGlobal
